
Microsoft Visual Studio Solution File, Format Version 12.00
# Visual Studio Version 17
VisualStudioVersion = 17.9.34701.34
MinimumVisualStudioVersion = 10.0.40219.1
Project("{FAE04EC0-301F-11D3-BF4B-00C04F79EFBC}") = "GUI", "GUI\GUI.csproj", "{0DF36BEC-8851-4080-BB43-0DFE93338342}"
EndProject
Project("{FAE04EC0-301F-11D3-BF4B-00C04F79EFBC}") = "DAO", "DAO\DAO.csproj", "{C4D9B27C-8589-45DD-8E0E-BE48D706FF3D}"
EndProject
Project("{FAE04EC0-301F-11D3-BF4B-00C04F79EFBC}") = "DTO", "DTO\DTO.csproj", "{8F15D1AE-D069-450E-B595-B8EDF3DB7BCE}"
EndProject
Project("{FAE04EC0-301F-11D3-BF4B-00C04F79EFBC}") = "BUS", "BUS\BUS.csproj", "{0791C842-D1AB-4249-A463-09AE5E024AAD}"
EndProject
Global
	GlobalSection(SolutionConfigurationPlatforms) = preSolution
		Debug|Any CPU = Debug|Any CPU
		Release|Any CPU = Release|Any CPU
	EndGlobalSection
	GlobalSection(ProjectConfigurationPlatforms) = postSolution
		{0DF36BEC-8851-4080-BB43-0DFE93338342}.Debug|Any CPU.ActiveCfg = Debug|Any CPU
		{0DF36BEC-8851-4080-BB43-0DFE93338342}.Debug|Any CPU.Build.0 = Debug|Any CPU
		{0DF36BEC-8851-4080-BB43-0DFE93338342}.Release|Any CPU.ActiveCfg = Release|Any CPU
		{0DF36BEC-8851-4080-BB43-0DFE93338342}.Release|Any CPU.Build.0 = Release|Any CPU
		{C4D9B27C-8589-45DD-8E0E-BE48D706FF3D}.Debug|Any CPU.ActiveCfg = Debug|Any CPU
		{C4D9B27C-8589-45DD-8E0E-BE48D706FF3D}.Debug|Any CPU.Build.0 = Debug|Any CPU
		{C4D9B27C-8589-45DD-8E0E-BE48D706FF3D}.Release|Any CPU.ActiveCfg = Release|Any CPU
		{C4D9B27C-8589-45DD-8E0E-BE48D706FF3D}.Release|Any CPU.Build.0 = Release|Any CPU
		{8F15D1AE-D069-450E-B595-B8EDF3DB7BCE}.Debug|Any CPU.ActiveCfg = Debug|Any CPU
		{8F15D1AE-D069-450E-B595-B8EDF3DB7BCE}.Debug|Any CPU.Build.0 = Debug|Any CPU
		{8F15D1AE-D069-450E-B595-B8EDF3DB7BCE}.Release|Any CPU.ActiveCfg = Release|Any CPU
		{8F15D1AE-D069-450E-B595-B8EDF3DB7BCE}.Release|Any CPU.Build.0 = Release|Any CPU
		{0791C842-D1AB-4249-A463-09AE5E024AAD}.Debug|Any CPU.ActiveCfg = Debug|Any CPU
		{0791C842-D1AB-4249-A463-09AE5E024AAD}.Debug|Any CPU.Build.0 = Debug|Any CPU
		{0791C842-D1AB-4249-A463-09AE5E024AAD}.Release|Any CPU.ActiveCfg = Release|Any CPU
		{0791C842-D1AB-4249-A463-09AE5E024AAD}.Release|Any CPU.Build.0 = Release|Any CPU
	EndGlobalSection
	GlobalSection(SolutionProperties) = preSolution
		HideSolutionNode = FALSE
	EndGlobalSection
	GlobalSection(ExtensibilityGlobals) = postSolution
		SolutionGuid = {8EE77E2E-9CE8-40EE-A5C0-C0EAA99F6D79}
	EndGlobalSection
EndGlobal
